
Microsoft Visual Studio Solution File, Format Version 12.00
# Visual Studio Version 16
VisualStudioVersion = 16.0.31729.503
MinimumVisualStudioVersion = 10.0.40219.1
Project("{FAE04EC0-301F-11D3-BF4B-00C04F79EFBC}") = "firmaApp.Android", "firmaApp\firmaApp.Android\firmaApp.Android.csproj", "{65792F5C-7D2D-4392-B391-81A7D0F4905C}"
EndProject
Project("{FAE04EC0-301F-11D3-BF4B-00C04F79EFBC}") = "firmaApp", "firmaApp\firmaApp\firmaApp.csproj", "{4338B6E2-6393-4288-95A0-4CECED8466B1}"
EndProject
Global
	GlobalSection(SolutionConfigurationPlatforms) = preSolution
		Debug|Any CPU = Debug|Any CPU
		Release|Any CPU = Release|Any CPU
	EndGlobalSection
	GlobalSection(ProjectConfigurationPlatforms) = postSolution
		{65792F5C-7D2D-4392-B391-81A7D0F4905C}.Debug|Any CPU.ActiveCfg = Debug|Any CPU
		{65792F5C-7D2D-4392-B391-81A7D0F4905C}.Debug|Any CPU.Build.0 = Debug|Any CPU
		{65792F5C-7D2D-4392-B391-81A7D0F4905C}.Debug|Any CPU.Deploy.0 = Debug|Any CPU
		{65792F5C-7D2D-4392-B391-81A7D0F4905C}.Release|Any CPU.ActiveCfg = Release|Any CPU
		{65792F5C-7D2D-4392-B391-81A7D0F4905C}.Release|Any CPU.Build.0 = Release|Any CPU
		{65792F5C-7D2D-4392-B391-81A7D0F4905C}.Release|Any CPU.Deploy.0 = Release|Any CPU
		{4338B6E2-6393-4288-95A0-4CECED8466B1}.Debug|Any CPU.ActiveCfg = Debug|Any CPU
		{4338B6E2-6393-4288-95A0-4CECED8466B1}.Debug|Any CPU.Build.0 = Debug|Any CPU
		{4338B6E2-6393-4288-95A0-4CECED8466B1}.Debug|Any CPU.Deploy.0 = Debug|Any CPU
		{4338B6E2-6393-4288-95A0-4CECED8466B1}.Release|Any CPU.ActiveCfg = Release|Any CPU
		{4338B6E2-6393-4288-95A0-4CECED8466B1}.Release|Any CPU.Build.0 = Release|Any CPU
		{4338B6E2-6393-4288-95A0-4CECED8466B1}.Release|Any CPU.Deploy.0 = Release|Any CPU
	EndGlobalSection
	GlobalSection(SolutionProperties) = preSolution
		HideSolutionNode = FALSE
	EndGlobalSection
	GlobalSection(ExtensibilityGlobals) = postSolution
		SolutionGuid = {22D3BD4A-5117-46D3-9856-DA4F89A73E94}
	EndGlobalSection
EndGlobal
